// !$*UTF8*$!
{
	archiveVersion = 1;
	classes = {
	};
	objectVersion = 55;
	objects = {

/* Begin PBXBuildFile section */
		F011F13E280961D600378C07 /* FirebaseAuth in Frameworks */ = {isa = PBXBuildFile; productRef = F011F13D280961D600378C07 /* FirebaseAuth */; };
		F011F140280961D600378C07 /* FirebaseFirestore in Frameworks */ = {isa = PBXBuildFile; productRef = F011F13F280961D600378C07 /* FirebaseFirestore */; };
		F011F142280961D600378C07 /* FirebaseStorage in Frameworks */ = {isa = PBXBuildFile; productRef = F011F141280961D600378C07 /* FirebaseStorage */; };
		F011F145280962A500378C07 /* SDWebImageSwiftUI in Frameworks */ = {isa = PBXBuildFile; productRef = F011F144280962A500378C07 /* SDWebImageSwiftUI */; };
		F011F1482809651E00378C07 /* SignInModel.swift in Sources */ = {isa = PBXBuildFile; fileRef = F011F1472809651E00378C07 /* SignInModel.swift */; };
		F011F14A2809689200378C07 /* ErrorMessagesView.swift in Sources */ = {isa = PBXBuildFile; fileRef = F011F1492809689200378C07 /* ErrorMessagesView.swift */; };
		F011F14C280969CD00378C07 /* ErrorMessageModel.swift in Sources */ = {isa = PBXBuildFile; fileRef = F011F14B280969CD00378C07 /* ErrorMessageModel.swift */; };
		F011F14E28096E6600378C07 /* SignUpView.swift in Sources */ = {isa = PBXBuildFile; fileRef = F011F14D28096E6600378C07 /* SignUpView.swift */; };
		F011F15028096ECC00378C07 /* SignUpViewModel.swift in Sources */ = {isa = PBXBuildFile; fileRef = F011F14F28096ECC00378C07 /* SignUpViewModel.swift */; };
		F011F152280973FE00378C07 /* SignUpModel.swift in Sources */ = {isa = PBXBuildFile; fileRef = F011F151280973FE00378C07 /* SignUpModel.swift */; };
		F011F1542809767500378C07 /* ForgetPasswordView.swift in Sources */ = {isa = PBXBuildFile; fileRef = F011F1532809767500378C07 /* ForgetPasswordView.swift */; };
		F011F156280976B600378C07 /* ForgetPasswordViewModel.swift in Sources */ = {isa = PBXBuildFile; fileRef = F011F155280976B600378C07 /* ForgetPasswordViewModel.swift */; };
		F011F15B280985DA00378C07 /* AdvertisementDetailView.swift in Sources */ = {isa = PBXBuildFile; fileRef = F011F15A280985DA00378C07 /* AdvertisementDetailView.swift */; };
		F011F15D2809862400378C07 /* AdvertisementItemView.swift in Sources */ = {isa = PBXBuildFile; fileRef = F011F15C2809862400378C07 /* AdvertisementItemView.swift */; };
		F011F15F2809869600378C07 /* AdvertisementView.swift in Sources */ = {isa = PBXBuildFile; fileRef = F011F15E2809869600378C07 /* AdvertisementView.swift */; };
		F011F161280986D200378C07 /* CustomPicker.swift in Sources */ = {isa = PBXBuildFile; fileRef = F011F160280986D200378C07 /* CustomPicker.swift */; };
		F011F163280986FE00378C07 /* ImageCardView.swift in Sources */ = {isa = PBXBuildFile; fileRef = F011F162280986FE00378C07 /* ImageCardView.swift */; };
		F011F1652809871D00378C07 /* ImagePicker.swift in Sources */ = {isa = PBXBuildFile; fileRef = F011F1642809871D00378C07 /* ImagePicker.swift */; };
		F011F1672809877000378C07 /* AdvertisementViewModel.swift in Sources */ = {isa = PBXBuildFile; fileRef = F011F1662809877000378C07 /* AdvertisementViewModel.swift */; };
		F011F169280987B700378C07 /* AdvertisementModel.swift in Sources */ = {isa = PBXBuildFile; fileRef = F011F168280987B700378C07 /* AdvertisementModel.swift */; };
		F011F16B2809891300378C07 /* CustomPickerViewModel.swift in Sources */ = {isa = PBXBuildFile; fileRef = F011F16A2809891300378C07 /* CustomPickerViewModel.swift */; };
		F011F16D2809896300378C07 /* HomeViewModel.swift in Sources */ = {isa = PBXBuildFile; fileRef = F011F16C2809896300378C07 /* HomeViewModel.swift */; };
		F011F16F2809898600378C07 /* SettingViewModel.swift in Sources */ = {isa = PBXBuildFile; fileRef = F011F16E2809898600378C07 /* SettingViewModel.swift */; };
		F011F171280989C700378C07 /* HomeView.swift in Sources */ = {isa = PBXBuildFile; fileRef = F011F170280989C700378C07 /* HomeView.swift */; };
		F011F173280989FC00378C07 /* SettingView.swift in Sources */ = {isa = PBXBuildFile; fileRef = F011F172280989FC00378C07 /* SettingView.swift */; };
		F011F17728098A8500378C07 /* PickerImageModel.swift in Sources */ = {isa = PBXBuildFile; fileRef = F011F17628098A8500378C07 /* PickerImageModel.swift */; };
		F011F17A28098AF500378C07 /* Extensions.swift in Sources */ = {isa = PBXBuildFile; fileRef = F011F17928098AF500378C07 /* Extensions.swift */; };
		F011F17C28098B1D00378C07 /* FirebaseHelper.swift in Sources */ = {isa = PBXBuildFile; fileRef = F011F17B28098B1D00378C07 /* FirebaseHelper.swift */; };
		F011F17E28098B3E00378C07 /* LocationManagerHelper.swift in Sources */ = {isa = PBXBuildFile; fileRef = F011F17D28098B3E00378C07 /* LocationManagerHelper.swift */; };
		F011F18028098CB300378C07 /* ForgetPasswordModel.swift in Sources */ = {isa = PBXBuildFile; fileRef = F011F17F28098CB300378C07 /* ForgetPasswordModel.swift */; };
		F0343F4027FF9039006679B0 /* GoogleService-Info.plist in Resources */ = {isa = PBXBuildFile; fileRef = F0343F3F27FF9039006679B0 /* GoogleService-Info.plist */; };
		F03D889727FDB4AC0062AB61 /* Launch Screen.storyboard in Resources */ = {isa = PBXBuildFile; fileRef = F03D889627FDB4AC0062AB61 /* Launch Screen.storyboard */; };
		F04126EB280B344B004976AE /* TermsAndConditionsView.swift in Sources */ = {isa = PBXBuildFile; fileRef = F04126EA280B344B004976AE /* TermsAndConditionsView.swift */; };
		F052303B27FCD778003F0AC2 /* COLOMBO_BSCCOMP_PT_202_003App.swift in Sources */ = {isa = PBXBuildFile; fileRef = F052303A27FCD778003F0AC2 /* COLOMBO_BSCCOMP_PT_202_003App.swift */; };
		F052303D27FCD778003F0AC2 /* ContentView.swift in Sources */ = {isa = PBXBuildFile; fileRef = F052303C27FCD778003F0AC2 /* ContentView.swift */; };
		F052303F27FCD77A003F0AC2 /* Assets.xcassets in Resources */ = {isa = PBXBuildFile; fileRef = F052303E27FCD77A003F0AC2 /* Assets.xcassets */; };
		F052304227FCD77A003F0AC2 /* Preview Assets.xcassets in Resources */ = {isa = PBXBuildFile; fileRef = F052304127FCD77A003F0AC2 /* Preview Assets.xcassets */; };
		F052304C27FCD77B003F0AC2 /* COLOMBO_BSCCOMP_PT_202_003Tests.swift in Sources */ = {isa = PBXBuildFile; fileRef = F052304B27FCD77B003F0AC2 /* COLOMBO_BSCCOMP_PT_202_003Tests.swift */; };
		F052305627FCD77B003F0AC2 /* COLOMBO_BSCCOMP_PT_202_003UITests.swift in Sources */ = {isa = PBXBuildFile; fileRef = F052305527FCD77B003F0AC2 /* COLOMBO_BSCCOMP_PT_202_003UITests.swift */; };
		F052305827FCD77B003F0AC2 /* COLOMBO_BSCCOMP_PT_202_003UITestsLaunchTests.swift in Sources */ = {isa = PBXBuildFile; fileRef = F052305727FCD77B003F0AC2 /* COLOMBO_BSCCOMP_PT_202_003UITestsLaunchTests.swift */; };
		F06A86E22808D44900723465 /* SignInView.swift in Sources */ = {isa = PBXBuildFile; fileRef = F06A86E12808D44900723465 /* SignInView.swift */; };
		F06A86E32808D44900723465 /* SignInView.swift in Sources */ = {isa = PBXBuildFile; fileRef = F06A86E12808D44900723465 /* SignInView.swift */; };
		F06A86E42808D44900723465 /* SignInView.swift in Sources */ = {isa = PBXBuildFile; fileRef = F06A86E12808D44900723465 /* SignInView.swift */; };
		F09EC55F280C81A100618BB0 /* SignInViewUITest.swift in Sources */ = {isa = PBXBuildFile; fileRef = F09EC55E280C81A100618BB0 /* SignInViewUITest.swift */; };
		F0AFA31028095B7A004FB60C /* SignInViewModel.swift in Sources */ = {isa = PBXBuildFile; fileRef = F0AFA30F28095B7A004FB60C /* SignInViewModel.swift */; };
/* End PBXBuildFile section */

/* Begin PBXContainerItemProxy section */
		F052304827FCD77B003F0AC2 /* PBXContainerItemProxy */ = {
			isa = PBXContainerItemProxy;
			containerPortal = F052302F27FCD778003F0AC2 /* Project object */;
			proxyType = 1;
			remoteGlobalIDString = F052303627FCD778003F0AC2;
			remoteInfo = "COLOMBO-BSCCOMP-PT-202-003";
		};
		F052305227FCD77B003F0AC2 /* PBXContainerItemProxy */ = {
			isa = PBXContainerItemProxy;
			containerPortal = F052302F27FCD778003F0AC2 /* Project object */;
			proxyType = 1;
			remoteGlobalIDString = F052303627FCD778003F0AC2;
			remoteInfo = "COLOMBO-BSCCOMP-PT-202-003";
		};
/* End PBXContainerItemProxy section */

/* Begin PBXFileReference section */
		F011F1472809651E00378C07 /* SignInModel.swift */ = {isa = PBXFileReference; lastKnownFileType = sourcecode.swift; path = SignInModel.swift; sourceTree = "<group>"; };
		F011F1492809689200378C07 /* ErrorMessagesView.swift */ = {isa = PBXFileReference; lastKnownFileType = sourcecode.swift; path = ErrorMessagesView.swift; sourceTree = "<group>"; };
		F011F14B280969CD00378C07 /* ErrorMessageModel.swift */ = {isa = PBXFileReference; lastKnownFileType = sourcecode.swift; path = ErrorMessageModel.swift; sourceTree = "<group>"; };
		F011F14D28096E6600378C07 /* SignUpView.swift */ = {isa = PBXFileReference; lastKnownFileType = sourcecode.swift; path = SignUpView.swift; sourceTree = "<group>"; };
		F011F14F28096ECC00378C07 /* SignUpViewModel.swift */ = {isa = PBXFileReference; lastKnownFileType = sourcecode.swift; path = SignUpViewModel.swift; sourceTree = "<group>"; };
		F011F151280973FE00378C07 /* SignUpModel.swift */ = {isa = PBXFileReference; lastKnownFileType = sourcecode.swift; path = SignUpModel.swift; sourceTree = "<group>"; };
		F011F1532809767500378C07 /* ForgetPasswordView.swift */ = {isa = PBXFileReference; lastKnownFileType = sourcecode.swift; path = ForgetPasswordView.swift; sourceTree = "<group>"; };
		F011F155280976B600378C07 /* ForgetPasswordViewModel.swift */ = {isa = PBXFileReference; lastKnownFileType = sourcecode.swift; path = ForgetPasswordViewModel.swift; sourceTree = "<group>"; };
		F011F15A280985DA00378C07 /* AdvertisementDetailView.swift */ = {isa = PBXFileReference; lastKnownFileType = sourcecode.swift; path = AdvertisementDetailView.swift; sourceTree = "<group>"; };
		F011F15C2809862400378C07 /* AdvertisementItemView.swift */ = {isa = PBXFileReference; lastKnownFileType = sourcecode.swift; path = AdvertisementItemView.swift; sourceTree = "<group>"; };
		F011F15E2809869600378C07 /* AdvertisementView.swift */ = {isa = PBXFileReference; lastKnownFileType = sourcecode.swift; path = AdvertisementView.swift; sourceTree = "<group>"; };
		F011F160280986D200378C07 /* CustomPicker.swift */ = {isa = PBXFileReference; lastKnownFileType = sourcecode.swift; path = CustomPicker.swift; sourceTree = "<group>"; };
		F011F162280986FE00378C07 /* ImageCardView.swift */ = {isa = PBXFileReference; lastKnownFileType = sourcecode.swift; path = ImageCardView.swift; sourceTree = "<group>"; };
		F011F1642809871D00378C07 /* ImagePicker.swift */ = {isa = PBXFileReference; lastKnownFileType = sourcecode.swift; path = ImagePicker.swift; sourceTree = "<group>"; };
		F011F1662809877000378C07 /* AdvertisementViewModel.swift */ = {isa = PBXFileReference; lastKnownFileType = sourcecode.swift; path = AdvertisementViewModel.swift; sourceTree = "<group>"; };
		F011F168280987B700378C07 /* AdvertisementModel.swift */ = {isa = PBXFileReference; lastKnownFileType = sourcecode.swift; path = AdvertisementModel.swift; sourceTree = "<group>"; };
		F011F16A2809891300378C07 /* CustomPickerViewModel.swift */ = {isa = PBXFileReference; lastKnownFileType = sourcecode.swift; path = CustomPickerViewModel.swift; sourceTree = "<group>"; };
		F011F16C2809896300378C07 /* HomeViewModel.swift */ = {isa = PBXFileReference; lastKnownFileType = sourcecode.swift; path = HomeViewModel.swift; sourceTree = "<group>"; };
		F011F16E2809898600378C07 /* SettingViewModel.swift */ = {isa = PBXFileReference; lastKnownFileType = sourcecode.swift; path = SettingViewModel.swift; sourceTree = "<group>"; };
		F011F170280989C700378C07 /* HomeView.swift */ = {isa = PBXFileReference; lastKnownFileType = sourcecode.swift; path = HomeView.swift; sourceTree = "<group>"; };
		F011F172280989FC00378C07 /* SettingView.swift */ = {isa = PBXFileReference; lastKnownFileType = sourcecode.swift; path = SettingView.swift; sourceTree = "<group>"; };
		F011F17628098A8500378C07 /* PickerImageModel.swift */ = {isa = PBXFileReference; lastKnownFileType = sourcecode.swift; path = PickerImageModel.swift; sourceTree = "<group>"; };
		F011F17928098AF500378C07 /* Extensions.swift */ = {isa = PBXFileReference; lastKnownFileType = sourcecode.swift; path = Extensions.swift; sourceTree = "<group>"; };
		F011F17B28098B1D00378C07 /* FirebaseHelper.swift */ = {isa = PBXFileReference; lastKnownFileType = sourcecode.swift; path = FirebaseHelper.swift; sourceTree = "<group>"; };
		F011F17D28098B3E00378C07 /* LocationManagerHelper.swift */ = {isa = PBXFileReference; lastKnownFileType = sourcecode.swift; path = LocationManagerHelper.swift; sourceTree = "<group>"; };
		F011F17F28098CB300378C07 /* ForgetPasswordModel.swift */ = {isa = PBXFileReference; lastKnownFileType = sourcecode.swift; path = ForgetPasswordModel.swift; sourceTree = "<group>"; };
		F01CED3A280998DA000A5CAD /* Info.plist */ = {isa = PBXFileReference; lastKnownFileType = text.plist; path = Info.plist; sourceTree = "<group>"; };
		F0343F3F27FF9039006679B0 /* GoogleService-Info.plist */ = {isa = PBXFileReference; fileEncoding = 4; lastKnownFileType = text.plist.xml; path = "GoogleService-Info.plist"; sourceTree = "<group>"; };
		F03D889627FDB4AC0062AB61 /* Launch Screen.storyboard */ = {isa = PBXFileReference; lastKnownFileType = file.storyboard; path = "Launch Screen.storyboard"; sourceTree = "<group>"; };
		F04126EA280B344B004976AE /* TermsAndConditionsView.swift */ = {isa = PBXFileReference; lastKnownFileType = sourcecode.swift; path = TermsAndConditionsView.swift; sourceTree = "<group>"; };
		F052303727FCD778003F0AC2 /* NIBM Broker.app */ = {isa = PBXFileReference; explicitFileType = wrapper.application; includeInIndex = 0; path = "NIBM Broker.app"; sourceTree = BUILT_PRODUCTS_DIR; };
		F052303A27FCD778003F0AC2 /* COLOMBO_BSCCOMP_PT_202_003App.swift */ = {isa = PBXFileReference; lastKnownFileType = sourcecode.swift; path = COLOMBO_BSCCOMP_PT_202_003App.swift; sourceTree = "<group>"; };
		F052303C27FCD778003F0AC2 /* ContentView.swift */ = {isa = PBXFileReference; lastKnownFileType = sourcecode.swift; path = ContentView.swift; sourceTree = "<group>"; };
		F052303E27FCD77A003F0AC2 /* Assets.xcassets */ = {isa = PBXFileReference; lastKnownFileType = folder.assetcatalog; path = Assets.xcassets; sourceTree = "<group>"; };
		F052304127FCD77A003F0AC2 /* Preview Assets.xcassets */ = {isa = PBXFileReference; lastKnownFileType = folder.assetcatalog; path = "Preview Assets.xcassets"; sourceTree = "<group>"; };
		F052304727FCD77B003F0AC2 /* COLOMBO-BSCCOMP-PT-202-003Tests.xctest */ = {isa = PBXFileReference; explicitFileType = wrapper.cfbundle; includeInIndex = 0; path = "COLOMBO-BSCCOMP-PT-202-003Tests.xctest"; sourceTree = BUILT_PRODUCTS_DIR; };
		F052304B27FCD77B003F0AC2 /* COLOMBO_BSCCOMP_PT_202_003Tests.swift */ = {isa = PBXFileReference; lastKnownFileType = sourcecode.swift; path = COLOMBO_BSCCOMP_PT_202_003Tests.swift; sourceTree = "<group>"; };
		F052305127FCD77B003F0AC2 /* COLOMBO-BSCCOMP-PT-202-003UITests.xctest */ = {isa = PBXFileReference; explicitFileType = wrapper.cfbundle; includeInIndex = 0; path = "COLOMBO-BSCCOMP-PT-202-003UITests.xctest"; sourceTree = BUILT_PRODUCTS_DIR; };
		F052305527FCD77B003F0AC2 /* COLOMBO_BSCCOMP_PT_202_003UITests.swift */ = {isa = PBXFileReference; lastKnownFileType = sourcecode.swift; path = COLOMBO_BSCCOMP_PT_202_003UITests.swift; sourceTree = "<group>"; };
		F052305727FCD77B003F0AC2 /* COLOMBO_BSCCOMP_PT_202_003UITestsLaunchTests.swift */ = {isa = PBXFileReference; lastKnownFileType = sourcecode.swift; path = COLOMBO_BSCCOMP_PT_202_003UITestsLaunchTests.swift; sourceTree = "<group>"; };
		F06A86E12808D44900723465 /* SignInView.swift */ = {isa = PBXFileReference; lastKnownFileType = sourcecode.swift; path = SignInView.swift; sourceTree = "<group>"; };
		F09EC55E280C81A100618BB0 /* SignInViewUITest.swift */ = {isa = PBXFileReference; lastKnownFileType = sourcecode.swift; path = SignInViewUITest.swift; sourceTree = "<group>"; };
		F0AFA30F28095B7A004FB60C /* SignInViewModel.swift */ = {isa = PBXFileReference; lastKnownFileType = sourcecode.swift; path = SignInViewModel.swift; sourceTree = "<group>"; };
/* End PBXFileReference section */

/* Begin PBXFrameworksBuildPhase section */
		F052303427FCD778003F0AC2 /* Frameworks */ = {
			isa = PBXFrameworksBuildPhase;
			buildActionMask = 2147483647;
			files = (
				F011F145280962A500378C07 /* SDWebImageSwiftUI in Frameworks */,
				F011F13E280961D600378C07 /* FirebaseAuth in Frameworks */,
				F011F140280961D600378C07 /* FirebaseFirestore in Frameworks */,
				F011F142280961D600378C07 /* FirebaseStorage in Frameworks */,
			);
			runOnlyForDeploymentPostprocessing = 0;
		};
		F052304427FCD77B003F0AC2 /* Frameworks */ = {
			isa = PBXFrameworksBuildPhase;
			buildActionMask = 2147483647;
			files = (
			);
			runOnlyForDeploymentPostprocessing = 0;
		};
		F052304E27FCD77B003F0AC2 /* Frameworks */ = {
			isa = PBXFrameworksBuildPhase;
			buildActionMask = 2147483647;
			files = (
			);
			runOnlyForDeploymentPostprocessing = 0;
		};
/* End PBXFrameworksBuildPhase section */

/* Begin PBXGroup section */
		F011F1462809645B00378C07 /* Model */ = {
			isa = PBXGroup;
			children = (
				F011F1472809651E00378C07 /* SignInModel.swift */,
				F011F14B280969CD00378C07 /* ErrorMessageModel.swift */,
				F011F151280973FE00378C07 /* SignUpModel.swift */,
				F011F168280987B700378C07 /* AdvertisementModel.swift */,
				F011F17628098A8500378C07 /* PickerImageModel.swift */,
				F011F17F28098CB300378C07 /* ForgetPasswordModel.swift */,
			);
			path = Model;
			sourceTree = "<group>";
		};
		F011F1592809859100378C07 /* Advertisement */ = {
			isa = PBXGroup;
			children = (
				F011F15A280985DA00378C07 /* AdvertisementDetailView.swift */,
				F011F15C2809862400378C07 /* AdvertisementItemView.swift */,
				F011F15E2809869600378C07 /* AdvertisementView.swift */,
				F011F160280986D200378C07 /* CustomPicker.swift */,
				F011F162280986FE00378C07 /* ImageCardView.swift */,
				F011F1642809871D00378C07 /* ImagePicker.swift */,
			);
			path = Advertisement;
			sourceTree = "<group>";
		};
		F011F17828098AAD00378C07 /* Helpers */ = {
			isa = PBXGroup;
			children = (
				F011F17928098AF500378C07 /* Extensions.swift */,
				F011F17B28098B1D00378C07 /* FirebaseHelper.swift */,
				F011F17D28098B3E00378C07 /* LocationManagerHelper.swift */,
			);
			path = Helpers;
			sourceTree = "<group>";
		};
		F052302E27FCD778003F0AC2 = {
			isa = PBXGroup;
			children = (
				F052303927FCD778003F0AC2 /* COLOMBO-BSCCOMP-PT-202-003 */,
				F052304A27FCD77B003F0AC2 /* COLOMBO-BSCCOMP-PT-202-003Tests */,
				F052305427FCD77B003F0AC2 /* COLOMBO-BSCCOMP-PT-202-003UITests */,
				F052303827FCD778003F0AC2 /* Products */,
			);
			sourceTree = "<group>";
		};
		F052303827FCD778003F0AC2 /* Products */ = {
			isa = PBXGroup;
			children = (
				F052303727FCD778003F0AC2 /* NIBM Broker.app */,
				F052304727FCD77B003F0AC2 /* COLOMBO-BSCCOMP-PT-202-003Tests.xctest */,
				F052305127FCD77B003F0AC2 /* COLOMBO-BSCCOMP-PT-202-003UITests.xctest */,
			);
			name = Products;
			sourceTree = "<group>";
		};
		F052303927FCD778003F0AC2 /* COLOMBO-BSCCOMP-PT-202-003 */ = {
			isa = PBXGroup;
			children = (
				F01CED3A280998DA000A5CAD /* Info.plist */,
				F011F17828098AAD00378C07 /* Helpers */,
				F011F1462809645B00378C07 /* Model */,
				F0AFA30C28095B03004FB60C /* ViewModel */,
				F06A86DC2808D3F500723465 /* View */,
				F052303A27FCD778003F0AC2 /* COLOMBO_BSCCOMP_PT_202_003App.swift */,
				F052303C27FCD778003F0AC2 /* ContentView.swift */,
				F03D889627FDB4AC0062AB61 /* Launch Screen.storyboard */,
				F052303E27FCD77A003F0AC2 /* Assets.xcassets */,
				F0343F3F27FF9039006679B0 /* GoogleService-Info.plist */,
				F052304027FCD77A003F0AC2 /* Preview Content */,
			);
			path = "COLOMBO-BSCCOMP-PT-202-003";
			sourceTree = "<group>";
		};
		F052304027FCD77A003F0AC2 /* Preview Content */ = {
			isa = PBXGroup;
			children = (
				F052304127FCD77A003F0AC2 /* Preview Assets.xcassets */,
			);
			path = "Preview Content";
			sourceTree = "<group>";
		};
		F052304A27FCD77B003F0AC2 /* COLOMBO-BSCCOMP-PT-202-003Tests */ = {
			isa = PBXGroup;
			children = (
				F052304B27FCD77B003F0AC2 /* COLOMBO_BSCCOMP_PT_202_003Tests.swift */,
			);
			path = "COLOMBO-BSCCOMP-PT-202-003Tests";
			sourceTree = "<group>";
		};
		F052305427FCD77B003F0AC2 /* COLOMBO-BSCCOMP-PT-202-003UITests */ = {
			isa = PBXGroup;
			children = (
				F052305527FCD77B003F0AC2 /* COLOMBO_BSCCOMP_PT_202_003UITests.swift */,
				F052305727FCD77B003F0AC2 /* COLOMBO_BSCCOMP_PT_202_003UITestsLaunchTests.swift */,
				F09EC55E280C81A100618BB0 /* SignInViewUITest.swift */,
			);
			path = "COLOMBO-BSCCOMP-PT-202-003UITests";
			sourceTree = "<group>";
		};
		F06A86DC2808D3F500723465 /* View */ = {
			isa = PBXGroup;
			children = (
				F011F1592809859100378C07 /* Advertisement */,
				F06A86E12808D44900723465 /* SignInView.swift */,
				F011F1492809689200378C07 /* ErrorMessagesView.swift */,
				F011F14D28096E6600378C07 /* SignUpView.swift */,
				F011F1532809767500378C07 /* ForgetPasswordView.swift */,
				F011F170280989C700378C07 /* HomeView.swift */,
				F011F172280989FC00378C07 /* SettingView.swift */,
				F04126EA280B344B004976AE /* TermsAndConditionsView.swift */,
			);
			path = View;
			sourceTree = "<group>";
		};
		F0AFA30C28095B03004FB60C /* ViewModel */ = {
			isa = PBXGroup;
			children = (
				F0AFA30F28095B7A004FB60C /* SignInViewModel.swift */,
				F011F14F28096ECC00378C07 /* SignUpViewModel.swift */,
				F011F155280976B600378C07 /* ForgetPasswordViewModel.swift */,
				F011F1662809877000378C07 /* AdvertisementViewModel.swift */,
				F011F16A2809891300378C07 /* CustomPickerViewModel.swift */,
				F011F16C2809896300378C07 /* HomeViewModel.swift */,
				F011F16E2809898600378C07 /* SettingViewModel.swift */,
			);
			path = ViewModel;
			sourceTree = "<group>";
		};
/* End PBXGroup section */

/* Begin PBXNativeTarget section */
		F052303627FCD778003F0AC2 /* COLOMBO-BSCCOMP-PT-202-003 */ = {
			isa = PBXNativeTarget;
			buildConfigurationList = F052305B27FCD77B003F0AC2 /* Build configuration list for PBXNativeTarget "COLOMBO-BSCCOMP-PT-202-003" */;
			buildPhases = (
				F052303327FCD778003F0AC2 /* Sources */,
				F052303427FCD778003F0AC2 /* Frameworks */,
				F052303527FCD778003F0AC2 /* Resources */,
			);
			buildRules = (
			);
			dependencies = (
			);
			name = "COLOMBO-BSCCOMP-PT-202-003";
			packageProductDependencies = (
				F011F13D280961D600378C07 /* FirebaseAuth */,
				F011F13F280961D600378C07 /* FirebaseFirestore */,
				F011F141280961D600378C07 /* FirebaseStorage */,
				F011F144280962A500378C07 /* SDWebImageSwiftUI */,
			);
			productName = "COLOMBO-BSCCOMP-PT-202-003";
			productReference = F052303727FCD778003F0AC2 /* NIBM Broker.app */;
			productType = "com.apple.product-type.application";
		};
		F052304627FCD77B003F0AC2 /* COLOMBO-BSCCOMP-PT-202-003Tests */ = {
			isa = PBXNativeTarget;
			buildConfigurationList = F052305E27FCD77B003F0AC2 /* Build configuration list for PBXNativeTarget "COLOMBO-BSCCOMP-PT-202-003Tests" */;
			buildPhases = (
				F052304327FCD77B003F0AC2 /* Sources */,
				F052304427FCD77B003F0AC2 /* Frameworks */,
				F052304527FCD77B003F0AC2 /* Resources */,
			);
			buildRules = (
			);
			dependencies = (
				F052304927FCD77B003F0AC2 /* PBXTargetDependency */,
			);
			name = "COLOMBO-BSCCOMP-PT-202-003Tests";
			productName = "COLOMBO-BSCCOMP-PT-202-003Tests";
			productReference = F052304727FCD77B003F0AC2 /* COLOMBO-BSCCOMP-PT-202-003Tests.xctest */;
			productType = "com.apple.product-type.bundle.unit-test";
		};
		F052305027FCD77B003F0AC2 /* COLOMBO-BSCCOMP-PT-202-003UITests */ = {
			isa = PBXNativeTarget;
			buildConfigurationList = F052306127FCD77B003F0AC2 /* Build configuration list for PBXNativeTarget "COLOMBO-BSCCOMP-PT-202-003UITests" */;
			buildPhases = (
				F052304D27FCD77B003F0AC2 /* Sources */,
				F052304E27FCD77B003F0AC2 /* Frameworks */,
				F052304F27FCD77B003F0AC2 /* Resources */,
			);
			buildRules = (
			);
			dependencies = (
				F052305327FCD77B003F0AC2 /* PBXTargetDependency */,
			);
			name = "COLOMBO-BSCCOMP-PT-202-003UITests";
			productName = "COLOMBO-BSCCOMP-PT-202-003UITests";
			productReference = F052305127FCD77B003F0AC2 /* COLOMBO-BSCCOMP-PT-202-003UITests.xctest */;
			productType = "com.apple.product-type.bundle.ui-testing";
		};
/* End PBXNativeTarget section */

/* Begin PBXProject section */
		F052302F27FCD778003F0AC2 /* Project object */ = {
			isa = PBXProject;
			attributes = {
				BuildIndependentTargetsInParallel = 1;
				LastSwiftUpdateCheck = 1320;
				LastUpgradeCheck = 1320;
				TargetAttributes = {
					F052303627FCD778003F0AC2 = {
						CreatedOnToolsVersion = 13.2.1;
					};
					F052304627FCD77B003F0AC2 = {
						CreatedOnToolsVersion = 13.2.1;
						TestTargetID = F052303627FCD778003F0AC2;
					};
					F052305027FCD77B003F0AC2 = {
						CreatedOnToolsVersion = 13.2.1;
						TestTargetID = F052303627FCD778003F0AC2;
					};
				};
			};
			buildConfigurationList = F052303227FCD778003F0AC2 /* Build configuration list for PBXProject "COLOMBO-BSCCOMP-PT-202-003" */;
			compatibilityVersion = "Xcode 13.0";
			developmentRegion = en;
			hasScannedForEncodings = 0;
			knownRegions = (
				en,
				Base,
			);
			mainGroup = F052302E27FCD778003F0AC2;
			packageReferences = (
				F011F13C280961D600378C07 /* XCRemoteSwiftPackageReference "firebase-ios-sdk" */,
				F011F143280962A500378C07 /* XCRemoteSwiftPackageReference "SDWebImageSwiftUI" */,
			);
			productRefGroup = F052303827FCD778003F0AC2 /* Products */;
			projectDirPath = "";
			projectRoot = "";
			targets = (
				F052303627FCD778003F0AC2 /* COLOMBO-BSCCOMP-PT-202-003 */,
				F052304627FCD77B003F0AC2 /* COLOMBO-BSCCOMP-PT-202-003Tests */,
				F052305027FCD77B003F0AC2 /* COLOMBO-BSCCOMP-PT-202-003UITests */,
			);
		};
/* End PBXProject section */

/* Begin PBXResourcesBuildPhase section */
		F052303527FCD778003F0AC2 /* Resources */ = {
			isa = PBXResourcesBuildPhase;
			buildActionMask = 2147483647;
			files = (
				F03D889727FDB4AC0062AB61 /* Launch Screen.storyboard in Resources */,
				F0343F4027FF9039006679B0 /* GoogleService-Info.plist in Resources */,
				F052304227FCD77A003F0AC2 /* Preview Assets.xcassets in Resources */,
				F052303F27FCD77A003F0AC2 /* Assets.xcassets in Resources */,
			);
			runOnlyForDeploymentPostprocessing = 0;
		};
		F052304527FCD77B003F0AC2 /* Resources */ = {
			isa = PBXResourcesBuildPhase;
			buildActionMask = 2147483647;
			files = (
			);
			runOnlyForDeploymentPostprocessing = 0;
		};
		F052304F27FCD77B003F0AC2 /* Resources */ = {
			isa = PBXResourcesBuildPhase;
			buildActionMask = 2147483647;
			files = (
			);
			runOnlyForDeploymentPostprocessing = 0;
		};
/* End PBXResourcesBuildPhase section */

/* Begin PBXSourcesBuildPhase section */
		F052303327FCD778003F0AC2 /* Sources */ = {
			isa = PBXSourcesBuildPhase;
			buildActionMask = 2147483647;
			files = (
				F0AFA31028095B7A004FB60C /* SignInViewModel.swift in Sources */,
				F011F15D2809862400378C07 /* AdvertisementItemView.swift in Sources */,
				F011F169280987B700378C07 /* AdvertisementModel.swift in Sources */,
				F011F171280989C700378C07 /* HomeView.swift in Sources */,
				F011F17C28098B1D00378C07 /* FirebaseHelper.swift in Sources */,
				F011F161280986D200378C07 /* CustomPicker.swift in Sources */,
				F06A86E22808D44900723465 /* SignInView.swift in Sources */,
				F011F16D2809896300378C07 /* HomeViewModel.swift in Sources */,
				F011F17A28098AF500378C07 /* Extensions.swift in Sources */,
				F052303D27FCD778003F0AC2 /* ContentView.swift in Sources */,
				F04126EB280B344B004976AE /* TermsAndConditionsView.swift in Sources */,
				F011F163280986FE00378C07 /* ImageCardView.swift in Sources */,
				F011F1652809871D00378C07 /* ImagePicker.swift in Sources */,
				F052303B27FCD778003F0AC2 /* COLOMBO_BSCCOMP_PT_202_003App.swift in Sources */,
				F011F15028096ECC00378C07 /* SignUpViewModel.swift in Sources */,
				F011F14E28096E6600378C07 /* SignUpView.swift in Sources */,
				F011F15F2809869600378C07 /* AdvertisementView.swift in Sources */,
				F011F1482809651E00378C07 /* SignInModel.swift in Sources */,
				F011F152280973FE00378C07 /* SignUpModel.swift in Sources */,
				F011F14C280969CD00378C07 /* ErrorMessageModel.swift in Sources */,
				F011F1542809767500378C07 /* ForgetPasswordView.swift in Sources */,
				F011F16B2809891300378C07 /* CustomPickerViewModel.swift in Sources */,
				F011F16F2809898600378C07 /* SettingViewModel.swift in Sources */,
				F011F173280989FC00378C07 /* SettingView.swift in Sources */,
				F011F156280976B600378C07 /* ForgetPasswordViewModel.swift in Sources */,
				F011F14A2809689200378C07 /* ErrorMessagesView.swift in Sources */,
				F011F18028098CB300378C07 /* ForgetPasswordModel.swift in Sources */,
				F011F17E28098B3E00378C07 /* LocationManagerHelper.swift in Sources */,
				F011F1672809877000378C07 /* AdvertisementViewModel.swift in Sources */,
				F011F15B280985DA00378C07 /* AdvertisementDetailView.swift in Sources */,
				F011F17728098A8500378C07 /* PickerImageModel.swift in Sources */,
			);
			runOnlyForDeploymentPostprocessing = 0;
		};
		F052304327FCD77B003F0AC2 /* Sources */ = {
			isa = PBXSourcesBuildPhase;
			buildActionMask = 2147483647;
			files = (
				F06A86E32808D44900723465 /* SignInView.swift in Sources */,
				F052304C27FCD77B003F0AC2 /* COLOMBO_BSCCOMP_PT_202_003Tests.swift in Sources */,
			);
			runOnlyForDeploymentPostprocessing = 0;
		};
		F052304D27FCD77B003F0AC2 /* Sources */ = {
			isa = PBXSourcesBuildPhase;
			buildActionMask = 2147483647;
			files = (
				F06A86E42808D44900723465 /* SignInView.swift in Sources */,
				F052305627FCD77B003F0AC2 /* COLOMBO_BSCCOMP_PT_202_003UITests.swift in Sources */,
				F09EC55F280C81A100618BB0 /* SignInViewUITest.swift in Sources */,
				F052305827FCD77B003F0AC2 /* COLOMBO_BSCCOMP_PT_202_003UITestsLaunchTests.swift in Sources */,
			);
			runOnlyForDeploymentPostprocessing = 0;
		};
/* End PBXSourcesBuildPhase section */

/* Begin PBXTargetDependency section */
		F052304927FCD77B003F0AC2 /* PBXTargetDependency */ = {
			isa = PBXTargetDependency;
			target = F052303627FCD778003F0AC2 /* COLOMBO-BSCCOMP-PT-202-003 */;
			targetProxy = F052304827FCD77B003F0AC2 /* PBXContainerItemProxy */;
		};
		F052305327FCD77B003F0AC2 /* PBXTargetDependency */ = {
			isa = PBXTargetDependency;
			target = F052303627FCD778003F0AC2 /* COLOMBO-BSCCOMP-PT-202-003 */;
			targetProxy = F052305227FCD77B003F0AC2 /* PBXContainerItemProxy */;
		};
/* End PBXTargetDependency section */

/* Begin XCBuildConfiguration section */
		F052305927FCD77B003F0AC2 /* Debug */ = {
			isa = XCBuildConfiguration;
			buildSettings = {
				ALWAYS_SEARCH_USER_PATHS = NO;
				CLANG_ANALYZER_NONNULL = YES;
				CLANG_ANALYZER_NUMBER_OBJECT_CONVERSION = YES_AGGRESSIVE;
				CLANG_CXX_LANGUAGE_STANDARD = "gnu++17";
				CLANG_CXX_LIBRARY = "libc++";
				CLANG_ENABLE_MODULES = YES;
				CLANG_ENABLE_OBJC_ARC = YES;
				CLANG_ENABLE_OBJC_WEAK = YES;
				CLANG_WARN_BLOCK_CAPTURE_AUTORELEASING = YES;
				CLANG_WARN_BOOL_CONVERSION = YES;
				CLANG_WARN_COMMA = YES;
				CLANG_WARN_CONSTANT_CONVERSION = YES;
				CLANG_WARN_DEPRECATED_OBJC_IMPLEMENTATIONS = YES;
				CLANG_WARN_DIRECT_OBJC_ISA_USAGE = YES_ERROR;
				CLANG_WARN_DOCUMENTATION_COMMENTS = YES;
				CLANG_WARN_EMPTY_BODY = YES;
				CLANG_WARN_ENUM_CONVERSION = YES;
				CLANG_WARN_INFINITE_RECURSION = YES;
				CLANG_WARN_INT_CONVERSION = YES;
				CLANG_WARN_NON_LITERAL_NULL_CONVERSION = YES;
				CLANG_WARN_OBJC_IMPLICIT_RETAIN_SELF = YES;
				CLANG_WARN_OBJC_LITERAL_CONVERSION = YES;
				CLANG_WARN_OBJC_ROOT_CLASS = YES_ERROR;
				CLANG_WARN_QUOTED_INCLUDE_IN_FRAMEWORK_HEADER = YES;
				CLANG_WARN_RANGE_LOOP_ANALYSIS = YES;
				CLANG_WARN_STRICT_PROTOTYPES = YES;
				CLANG_WARN_SUSPICIOUS_MOVE = YES;
				CLANG_WARN_UNGUARDED_AVAILABILITY = YES_AGGRESSIVE;
				CLANG_WARN_UNREACHABLE_CODE = YES;
				CLANG_WARN__DUPLICATE_METHOD_MATCH = YES;
				COPY_PHASE_STRIP = NO;
				DEBUG_INFORMATION_FORMAT = dwarf;
				ENABLE_STRICT_OBJC_MSGSEND = YES;
				ENABLE_TESTABILITY = YES;
				GCC_C_LANGUAGE_STANDARD = gnu11;
				GCC_DYNAMIC_NO_PIC = NO;
				GCC_NO_COMMON_BLOCKS = YES;
				GCC_OPTIMIZATION_LEVEL = 0;
				GCC_PREPROCESSOR_DEFINITIONS = (
					"DEBUG=1",
					"$(inherited)",
				);
				GCC_WARN_64_TO_32_BIT_CONVERSION = YES;
				GCC_WARN_ABOUT_RETURN_TYPE = YES_ERROR;
				GCC_WARN_UNDECLARED_SELECTOR = YES;
				GCC_WARN_UNINITIALIZED_AUTOS = YES_AGGRESSIVE;
				GCC_WARN_UNUSED_FUNCTION = YES;
				GCC_WARN_UNUSED_VARIABLE = YES;
				IPHONEOS_DEPLOYMENT_TARGET = 15.3;
				MTL_ENABLE_DEBUG_INFO = INCLUDE_SOURCE;
				MTL_FAST_MATH = YES;
				ONLY_ACTIVE_ARCH = YES;
				SDKROOT = iphoneos;
				SWIFT_ACTIVE_COMPILATION_CONDITIONS = DEBUG;
				SWIFT_OPTIMIZATION_LEVEL = "-Onone";
			};
			name = Debug;
		};
		F052305A27FCD77B003F0AC2 /* Release */ = {
			isa = XCBuildConfiguration;
			buildSettings = {
				ALWAYS_SEARCH_USER_PATHS = NO;
				CLANG_ANALYZER_NONNULL = YES;
				CLANG_ANALYZER_NUMBER_OBJECT_CONVERSION = YES_AGGRESSIVE;
				CLANG_CXX_LANGUAGE_STANDARD = "gnu++17";
				CLANG_CXX_LIBRARY = "libc++";
				CLANG_ENABLE_MODULES = YES;
				CLANG_ENABLE_OBJC_ARC = YES;
				CLANG_ENABLE_OBJC_WEAK = YES;
				CLANG_WARN_BLOCK_CAPTURE_AUTORELEASING = YES;
				CLANG_WARN_BOOL_CONVERSION = YES;
				CLANG_WARN_COMMA = YES;
				CLANG_WARN_CONSTANT_CONVERSION = YES;
				CLANG_WARN_DEPRECATED_OBJC_IMPLEMENTATIONS = YES;
				CLANG_WARN_DIRECT_OBJC_ISA_USAGE = YES_ERROR;
				CLANG_WARN_DOCUMENTATION_COMMENTS = YES;
				CLANG_WARN_EMPTY_BODY = YES;
				CLANG_WARN_ENUM_CONVERSION = YES;
				CLANG_WARN_INFINITE_RECURSION = YES;
				CLANG_WARN_INT_CONVERSION = YES;
				CLANG_WARN_NON_LITERAL_NULL_CONVERSION = YES;
				CLANG_WARN_OBJC_IMPLICIT_RETAIN_SELF = YES;
				CLANG_WARN_OBJC_LITERAL_CONVERSION = YES;
				CLANG_WARN_OBJC_ROOT_CLASS = YES_ERROR;
				CLANG_WARN_QUOTED_INCLUDE_IN_FRAMEWORK_HEADER = YES;
				CLANG_WARN_RANGE_LOOP_ANALYSIS = YES;
				CLANG_WARN_STRICT_PROTOTYPES = YES;
				CLANG_WARN_SUSPICIOUS_MOVE = YES;
				CLANG_WARN_UNGUARDED_AVAILABILITY = YES_AGGRESSIVE;
				CLANG_WARN_UNREACHABLE_CODE = YES;
				CLANG_WARN__DUPLICATE_METHOD_MATCH = YES;
				COPY_PHASE_STRIP = NO;
				DEBUG_INFORMATION_FORMAT = "dwarf-with-dsym";
				ENABLE_NS_ASSERTIONS = NO;
				ENABLE_STRICT_OBJC_MSGSEND = YES;
				GCC_C_LANGUAGE_STANDARD = gnu11;
				GCC_NO_COMMON_BLOCKS = YES;
				GCC_WARN_64_TO_32_BIT_CONVERSION = YES;
				GCC_WARN_ABOUT_RETURN_TYPE = YES_ERROR;
				GCC_WARN_UNDECLARED_SELECTOR = YES;
				GCC_WARN_UNINITIALIZED_AUTOS = YES_AGGRESSIVE;
				GCC_WARN_UNUSED_FUNCTION = YES;
				GCC_WARN_UNUSED_VARIABLE = YES;
				IPHONEOS_DEPLOYMENT_TARGET = 15.3;
				MTL_ENABLE_DEBUG_INFO = NO;
				MTL_FAST_MATH = YES;
				SDKROOT = iphoneos;
				SWIFT_COMPILATION_MODE = wholemodule;
				SWIFT_OPTIMIZATION_LEVEL = "-O";
				VALIDATE_PRODUCT = YES;
			};
			name = Release;
		};
		F052305C27FCD77B003F0AC2 /* Debug */ = {
			isa = XCBuildConfiguration;
			buildSettings = {
				ASSETCATALOG_COMPILER_APPICON_NAME = AppIcon;
				ASSETCATALOG_COMPILER_GLOBAL_ACCENT_COLOR_NAME = AccentColor;
				CODE_SIGN_STYLE = Automatic;
				CURRENT_PROJECT_VERSION = 1;
				DEVELOPMENT_ASSET_PATHS = "\"COLOMBO-BSCCOMP-PT-202-003/Preview Content\"";
				DEVELOPMENT_TEAM = 56J8QW2T8Q;
				ENABLE_PREVIEWS = YES;
				GENERATE_INFOPLIST_FILE = YES;
				INFOPLIST_FILE = "COLOMBO-BSCCOMP-PT-202-003/Info.plist";
				INFOPLIST_KEY_NSLocationAlwaysAndWhenInUseUsageDescription = "Please Allow to get your location and show details related to your location";
				INFOPLIST_KEY_NSLocationAlwaysUsageDescription = "Please Allow to get your location and show details related to your location";
				INFOPLIST_KEY_NSLocationWhenInUseUsageDescription = "Please Allow to get your location and show details related to your location";
				INFOPLIST_KEY_NSPhotoLibraryUsageDescription = "Please Allow to acces to your photos";
				INFOPLIST_KEY_UIApplicationSceneManifest_Generation = YES;
				INFOPLIST_KEY_UIApplicationSupportsIndirectInputEvents = YES;
				INFOPLIST_KEY_UILaunchScreen_Generation = YES;
				INFOPLIST_KEY_UILaunchStoryboardName = "Launch Screen";
				INFOPLIST_KEY_UISupportedInterfaceOrientations_iPad = "UIInterfaceOrientationPortrait UIInterfaceOrientationPortraitUpsideDown UIInterfaceOrientationLandscapeLeft UIInterfaceOrientationLandscapeRight";
				INFOPLIST_KEY_UISupportedInterfaceOrientations_iPhone = "UIInterfaceOrientationPortrait UIInterfaceOrientationLandscapeLeft UIInterfaceOrientationLandscapeRight";
				LD_RUNPATH_SEARCH_PATHS = (
					"$(inherited)",
					"@executable_path/Frameworks",
				);
				MARKETING_VERSION = 1.0;
				PRODUCT_BUNDLE_IDENTIFIER = "NIBM.COLOMBO-BSCCOMP-PT-202-003";
				PRODUCT_NAME = "NIBM Broker";
				SWIFT_EMIT_LOC_STRINGS = YES;
				SWIFT_VERSION = 5.0;
				TARGETED_DEVICE_FAMILY = "1,2";
			};
			name = Debug;
		};
		F052305D27FCD77B003F0AC2 /* Release */ = {
			isa = XCBuildConfiguration;
			buildSettings = {
				ASSETCATALOG_COMPILER_APPICON_NAME = AppIcon;
				ASSETCATALOG_COMPILER_GLOBAL_ACCENT_COLOR_NAME = AccentColor;
				CODE_SIGN_STYLE = Automatic;
				CURRENT_PROJECT_VERSION = 1;
				DEVELOPMENT_ASSET_PATHS = "\"COLOMBO-BSCCOMP-PT-202-003/Preview Content\"";
				DEVELOPMENT_TEAM = 56J8QW2T8Q;
				ENABLE_PREVIEWS = YES;
				GENERATE_INFOPLIST_FILE = YES;
				INFOPLIST_FILE = "COLOMBO-BSCCOMP-PT-202-003/Info.plist";
				INFOPLIST_KEY_NSLocationAlwaysAndWhenInUseUsageDescription = "Please Allow to get your location and show details related to your location";
				INFOPLIST_KEY_NSLocationAlwaysUsageDescription = "Please Allow to get your location and show details related to your location";
				INFOPLIST_KEY_NSLocationWhenInUseUsageDescription = "Please Allow to get your location and show details related to your location";
				INFOPLIST_KEY_NSPhotoLibraryUsageDescription = "Please Allow to acces to your photos";
				INFOPLIST_KEY_UIApplicationSceneManifest_Generation = YES;
				INFOPLIST_KEY_UIApplicationSupportsIndirectInputEvents = YES;
				INFOPLIST_KEY_UILaunchScreen_Generation = YES;
				INFOPLIST_KEY_UILaunchStoryboardName = "Launch Screen";
				INFOPLIST_KEY_UISupportedInterfaceOrientations_iPad = "UIInterfaceOrientationPortrait UIInterfaceOrientationPortraitUpsideDown UIInterfaceOrientationLandscapeLeft UIInterfaceOrientationLandscapeRight";
				INFOPLIST_KEY_UISupportedInterfaceOrientations_iPhone = "UIInterfaceOrientationPortrait UIInterfaceOrientationLandscapeLeft UIInterfaceOrientationLandscapeRight";
				LD_RUNPATH_SEARCH_PATHS = (
					"$(inherited)",
					"@executable_path/Frameworks",
				);
				MARKETING_VERSION = 1.0;
				PRODUCT_BUNDLE_IDENTIFIER = "NIBM.COLOMBO-BSCCOMP-PT-202-003";
				PRODUCT_NAME = "NIBM Broker";
				SWIFT_EMIT_LOC_STRINGS = YES;
				SWIFT_VERSION = 5.0;
				TARGETED_DEVICE_FAMILY = "1,2";
			};
			name = Release;
		};
		F052305F27FCD77B003F0AC2 /* Debug */ = {
			isa = XCBuildConfiguration;
			buildSettings = {
				ALWAYS_EMBED_SWIFT_STANDARD_LIBRARIES = YES;
				BUNDLE_LOADER = "$(TEST_HOST)";
				CODE_SIGN_STYLE = Automatic;
				CURRENT_PROJECT_VERSION = 1;
				DEVELOPMENT_TEAM = 56J8QW2T8Q;
				GENERATE_INFOPLIST_FILE = YES;
				IPHONEOS_DEPLOYMENT_TARGET = 15.2;
				MARKETING_VERSION = 1.0;
				PRODUCT_BUNDLE_IDENTIFIER = "NIBM.COLOMBO-BSCCOMP-PT-202-003Tests";
				PRODUCT_NAME = "$(TARGET_NAME)";
				SWIFT_EMIT_LOC_STRINGS = NO;
				SWIFT_VERSION = 5.0;
				TARGETED_DEVICE_FAMILY = "1,2";
				TEST_HOST = "$(BUILT_PRODUCTS_DIR)/COLOMBO-BSCCOMP-PT-202-003.app/COLOMBO-BSCCOMP-PT-202-003";
			};
			name = Debug;
		};
		F052306027FCD77B003F0AC2 /* Release */ = {
			isa = XCBuildConfiguration;
			buildSettings = {
				ALWAYS_EMBED_SWIFT_STANDARD_LIBRARIES = YES;
				BUNDLE_LOADER = "$(TEST_HOST)";
				CODE_SIGN_STYLE = Automatic;
				CURRENT_PROJECT_VERSION = 1;
				DEVELOPMENT_TEAM = 56J8QW2T8Q;
				GENERATE_INFOPLIST_FILE = YES;
				IPHONEOS_DEPLOYMENT_TARGET = 15.2;
				MARKETING_VERSION = 1.0;
				PRODUCT_BUNDLE_IDENTIFIER = "NIBM.COLOMBO-BSCCOMP-PT-202-003Tests";
				PRODUCT_NAME = "$(TARGET_NAME)";
				SWIFT_EMIT_LOC_STRINGS = NO;
				SWIFT_VERSION = 5.0;
				TARGETED_DEVICE_FAMILY = "1,2";
				TEST_HOST = "$(BUILT_PRODUCTS_DIR)/COLOMBO-BSCCOMP-PT-202-003.app/COLOMBO-BSCCOMP-PT-202-003";
			};
			name = Release;
		};
		F052306227FCD77B003F0AC2 /* Debug */ = {
			isa = XCBuildConfiguration;
			buildSettings = {
				ALWAYS_EMBED_SWIFT_STANDARD_LIBRARIES = YES;
				CODE_SIGN_STYLE = Automatic;
				CURRENT_PROJECT_VERSION = 1;
				DEVELOPMENT_TEAM = 56J8QW2T8Q;
				GENERATE_INFOPLIST_FILE = YES;
				MARKETING_VERSION = 1.0;
				PRODUCT_BUNDLE_IDENTIFIER = "NIBM.COLOMBO-BSCCOMP-PT-202-003UITests";
				PRODUCT_NAME = "$(TARGET_NAME)";
				SWIFT_EMIT_LOC_STRINGS = NO;
				SWIFT_VERSION = 5.0;
				TARGETED_DEVICE_FAMILY = "1,2";
				TEST_TARGET_NAME = "COLOMBO-BSCCOMP-PT-202-003";
			};
			name = Debug;
		};
		F052306327FCD77B003F0AC2 /* Release */ = {
			isa = XCBuildConfiguration;
			buildSettings = {
				ALWAYS_EMBED_SWIFT_STANDARD_LIBRARIES = YES;
				CODE_SIGN_STYLE = Automatic;
				CURRENT_PROJECT_VERSION = 1;
				DEVELOPMENT_TEAM = 56J8QW2T8Q;
				GENERATE_INFOPLIST_FILE = YES;
				MARKETING_VERSION = 1.0;
				PRODUCT_BUNDLE_IDENTIFIER = "NIBM.COLOMBO-BSCCOMP-PT-202-003UITests";
				PRODUCT_NAME = "$(TARGET_NAME)";
				SWIFT_EMIT_LOC_STRINGS = NO;
				SWIFT_VERSION = 5.0;
				TARGETED_DEVICE_FAMILY = "1,2";
				TEST_TARGET_NAME = "COLOMBO-BSCCOMP-PT-202-003";
			};
			name = Release;
		};
/* End XCBuildConfiguration section */

/* Begin XCConfigurationList section */
		F052303227FCD778003F0AC2 /* Build configuration list for PBXProject "COLOMBO-BSCCOMP-PT-202-003" */ = {
			isa = XCConfigurationList;
			buildConfigurations = (
				F052305927FCD77B003F0AC2 /* Debug */,
				F052305A27FCD77B003F0AC2 /* Release */,
			);
			defaultConfigurationIsVisible = 0;
			defaultConfigurationName = Release;
		};
		F052305B27FCD77B003F0AC2 /* Build configuration list for PBXNativeTarget "COLOMBO-BSCCOMP-PT-202-003" */ = {
			isa = XCConfigurationList;
			buildConfigurations = (
				F052305C27FCD77B003F0AC2 /* Debug */,
				F052305D27FCD77B003F0AC2 /* Release */,
			);
			defaultConfigurationIsVisible = 0;
			defaultConfigurationName = Release;
		};
		F052305E27FCD77B003F0AC2 /* Build configuration list for PBXNativeTarget "COLOMBO-BSCCOMP-PT-202-003Tests" */ = {
			isa = XCConfigurationList;
			buildConfigurations = (
				F052305F27FCD77B003F0AC2 /* Debug */,
				F052306027FCD77B003F0AC2 /* Release */,
			);
			defaultConfigurationIsVisible = 0;
			defaultConfigurationName = Release;
		};
		F052306127FCD77B003F0AC2 /* Build configuration list for PBXNativeTarget "COLOMBO-BSCCOMP-PT-202-003UITests" */ = {
			isa = XCConfigurationList;
			buildConfigurations = (
				F052306227FCD77B003F0AC2 /* Debug */,
				F052306327FCD77B003F0AC2 /* Release */,
			);
			defaultConfigurationIsVisible = 0;
			defaultConfigurationName = Release;
		};
/* End XCConfigurationList section */

/* Begin XCRemoteSwiftPackageReference section */
		F011F13C280961D600378C07 /* XCRemoteSwiftPackageReference "firebase-ios-sdk" */ = {
			isa = XCRemoteSwiftPackageReference;
			repositoryURL = "https://github.com/firebase/firebase-ios-sdk";
			requirement = {
				branch = master;
				kind = branch;
			};
		};
		F011F143280962A500378C07 /* XCRemoteSwiftPackageReference "SDWebImageSwiftUI" */ = {
			isa = XCRemoteSwiftPackageReference;
			repositoryURL = "https://github.com/SDWebImage/SDWebImageSwiftUI.git";
			requirement = {
				kind = upToNextMajorVersion;
				minimumVersion = 2.0.0;
			};
		};
/* End XCRemoteSwiftPackageReference section */

/* Begin XCSwiftPackageProductDependency section */
		F011F13D280961D600378C07 /* FirebaseAuth */ = {
			isa = XCSwiftPackageProductDependency;
			package = F011F13C280961D600378C07 /* XCRemoteSwiftPackageReference "firebase-ios-sdk" */;
			productName = FirebaseAuth;
		};
		F011F13F280961D600378C07 /* FirebaseFirestore */ = {
			isa = XCSwiftPackageProductDependency;
			package = F011F13C280961D600378C07 /* XCRemoteSwiftPackageReference "firebase-ios-sdk" */;
			productName = FirebaseFirestore;
		};
		F011F141280961D600378C07 /* FirebaseStorage */ = {
			isa = XCSwiftPackageProductDependency;
			package = F011F13C280961D600378C07 /* XCRemoteSwiftPackageReference "firebase-ios-sdk" */;
			productName = FirebaseStorage;
		};
		F011F144280962A500378C07 /* SDWebImageSwiftUI */ = {
			isa = XCSwiftPackageProductDependency;
			package = F011F143280962A500378C07 /* XCRemoteSwiftPackageReference "SDWebImageSwiftUI" */;
			productName = SDWebImageSwiftUI;
		};
/* End XCSwiftPackageProductDependency section */
	};
	rootObject = F052302F27FCD778003F0AC2 /* Project object */;
}
